PODS:
  - Flutter (1.0.0)
  - permission_handler_apple (9.4.8):
    - Flutter
  - printing (1.0.0):
    - Flutter
  - shared_preferences_foundation (0.0.1):
    - Flutter
    - FlutterMacOS
  - url_launcher_ios (0.0.1):
    - Flutter
  - yandex_maps_mapkit_lite (1.0.0):
    - Flutter
    - YandexMapsMobile (= 4.42.0-lite-flutter)
  - YandexMapsMobile (4.42.0-lite-flutter)

DEPENDENCIES:
  - Flutter (from `Flutter`)
  - permission_handler_apple (from `.symlinks/plugins/permission_handler_apple/ios`)
  - printing (from `.symlinks/plugins/printing/ios`)
  - shared_preferences_foundation (from `.symlinks/plugins/shared_preferences_foundation/darwin`)
  - url_launcher_ios (from `.symlinks/plugins/url_launcher_ios/ios`)
  - yandex_maps_mapkit_lite (from `.symlinks/plugins/yandex_maps_mapkit_lite/ios`)

SPEC REPOS:
  trunk:
    - YandexMapsMobile

EXTERNAL SOURCES:
  Flutter:
    :path: Flutter
  permission_handler_apple:
    :path: ".symlinks/plugins/permission_handler_apple/ios"
  printing:
    :path: ".symlinks/plugins/printing/ios"
  shared_preferences_foundation:
    :path: ".symlinks/plugins/shared_preferences_foundation/darwin"
  url_launcher_ios:
    :path: ".symlinks/plugins/url_launcher_ios/ios"
  yandex_maps_mapkit_lite:
    :path: ".symlinks/plugins/yandex_maps_mapkit_lite/ios"

SPEC CHECKSUMS:
  Flutter: cabc95a1d2626b1b06e7179b784ebcf0c0cde467
  permission_handler_apple: ee2fe0fd04551b304eb002714ff067c371c822ed
  printing: bfc11ab4553c1728730eefb778f4647280044111
  shared_preferences_foundation: 5086985c1d43c5ba4d5e69a4e8083a389e2909e6
  url_launcher_ios: bb13df5870e8c4234ca12609d04010a21be43dfa
  yandex_maps_mapkit_lite: f1a9ba3472e151e1c5081301ac32586d7906d580
  YandexMapsMobile: 07a19dffb4a425d925bf47cd85f9e5e35c06d5b7

PODFILE CHECKSUM: d9514a5b8381e7d91fb6b31a18413a60ff80c843

COCOAPODS: 1.16.2
